{
  "version": 2,
  "dependencies": {
    "net9.0": {
      "Microsoft.AspNetCore.OpenApi": {
        "type": "Direct",
        "requested": "[9.0.12, )",
        "resolved": "9.0.12",
        "contentHash": "1MESYhofLCDXPPxxj4fY+e1vqm4ZIMwrt6gbulGNY0fXiNPzhycdIrZJn0JXJmbppEWnkvJtoCPfrzyV1DIpew==",
        "dependencies": {
          "Microsoft.OpenApi": "1.6.17"
        }
      },
      "Scalar.AspNetCore": {
        "type": "Direct",
        "requested": "[2.7.2, )",
        "resolved": "2.7.2",
        "contentHash": "MtxRKvCqmzoH7LQe2GLfo2rAjYix+2G2GwTaKjLThySOPwU99vf0VefSWt5tOAEz/wS7qD87lm1Bu92oZyjr8w=="
      },
      "Microsoft.OpenApi": {
        "type": "Transitive",
        "resolved": "1.6.17",
        "contentHash": "Le+kehlmrlQfuDFUt1zZ2dVwrhFQtKREdKBo+rexOwaCoYP0/qpgT9tLxCsZjsgR5Itk1UKPcbgO+FyaNid/bA=="
      }
    }
  }
}