{
  "version": 2,
  "dependencies": {
    "net9.0": {
      "Microsoft.AspNetCore.OpenApi": {
        "type": "Direct",
        "requested": "[9.0.12, )",
        "resolved": "9.0.12",
        "contentHash": "1MESYhofLCDXPPxxj4fY+e1vqm4ZIMwrt6gbulGNY0fXiNPzhycdIrZJn0JXJmbppEWnkvJtoCPfrzyV1DIpew==",
        "dependencies": {
          "Microsoft.OpenApi": "1.6.17"
        }
      },
      "Scalar.AspNetCore": {
        "type": "Direct",
        "requested": "[2.12.36, )",
        "resolved": "2.12.36",
        "contentHash": "jpsDpEs0pN3/AgcaTX8AnRAZy97bLjChToe8wSrNrRoP8nrQu6GgvOLO2X66620Y3Ui63tBkB729yDJKnWvi6A=="
      },
      "Microsoft.OpenApi": {
        "type": "Transitive",
        "resolved": "1.6.17",
        "contentHash": "Le+kehlmrlQfuDFUt1zZ2dVwrhFQtKREdKBo+rexOwaCoYP0/qpgT9tLxCsZjsgR5Itk1UKPcbgO+FyaNid/bA=="
      }
    }
  }
}