{
  "version": 2,
  "dependencies": {
    "net9.0": {
      "Microsoft.AspNetCore.OpenApi": {
        "type": "Direct",
        "requested": "[9.0.13, )",
        "resolved": "9.0.13",
        "contentHash": "AYSHrRDS4hpmZupq56HjBePEHVTDZ5G4ffZYCWxPcuZ129X5RowwGWSDJY9D+I4W+EpVT0vSBbE2pp6Qy2Y+8g==",
        "dependencies": {
          "Microsoft.OpenApi": "1.6.17"
        }
      },
      "Scalar.AspNetCore": {
        "type": "Direct",
        "requested": "[2.12.52, )",
        "resolved": "2.12.52",
        "contentHash": "g4aheFs8L9F43c3eKP9j75r9Ol2FUpej5Ncs+HbdFDXuxWY7rnymK+ww1ASo6nRsrcn5RwX9La1vQFK8Mexixg=="
      },
      "Microsoft.OpenApi": {
        "type": "Transitive",
        "resolved": "1.6.17",
        "contentHash": "Le+kehlmrlQfuDFUt1zZ2dVwrhFQtKREdKBo+rexOwaCoYP0/qpgT9tLxCsZjsgR5Itk1UKPcbgO+FyaNid/bA=="
      }
    }
  }
}