
Microsoft Visual Studio Solution File, Format Version 12.00
Project("{FAE04EC0-301F-11D3-BF4B-00C04F79EFBC}") = "Examples.DotnetPackage", "Examples.DotnetPackage\Examples.DotnetPackage.csproj", "{86177D1E-9EEA-4362-9AF7-6C3EF3320FF0}"
EndProject
Project("{2150E333-8FDC-42A3-9474-1A3956D46DE8}") = "_solution", "_solution", "{CFB76751-EBA9-4E29-9043-FAEA9F82DDAE}"
  ProjectSection(SolutionItems) = preProject
    Directory.Build.props = Directory.Build.props
    Directory.Package.props = Directory.Package.props
    nuget.config = nuget.config
  EndProjectSection
EndProject
Project("{2150E333-8FDC-42A3-9474-1A3956D46DE8}") = "tests", "tests", "{1EF92A10-08D3-4540-B66E-296AF7AEA518}"
EndProject
Project("{FAE04EC0-301F-11D3-BF4B-00C04F79EFBC}") = "Examples.Tests.DotnetPackage", "Examples.Tests.DotnetPackage\Examples.Tests.DotnetPackage.csproj", "{00BB5C89-D05F-4908-B083-8FDFA73562C8}"
EndProject
Global
  GlobalSection(SolutionConfigurationPlatforms) = preSolution
    Debug|Any CPU = Debug|Any CPU
    Release|Any CPU = Release|Any CPU
  EndGlobalSection
  GlobalSection(ProjectConfigurationPlatforms) = postSolution
    {86177D1E-9EEA-4362-9AF7-6C3EF3320FF0}.Debug|Any CPU.ActiveCfg = Debug|Any CPU
    {86177D1E-9EEA-4362-9AF7-6C3EF3320FF0}.Debug|Any CPU.Build.0 = Debug|Any CPU
    {86177D1E-9EEA-4362-9AF7-6C3EF3320FF0}.Release|Any CPU.ActiveCfg = Release|Any CPU
    {86177D1E-9EEA-4362-9AF7-6C3EF3320FF0}.Release|Any CPU.Build.0 = Release|Any CPU
    {00BB5C89-D05F-4908-B083-8FDFA73562C8}.Debug|Any CPU.ActiveCfg = Debug|Any CPU
    {00BB5C89-D05F-4908-B083-8FDFA73562C8}.Debug|Any CPU.Build.0 = Debug|Any CPU
    {00BB5C89-D05F-4908-B083-8FDFA73562C8}.Release|Any CPU.ActiveCfg = Release|Any CPU
    {00BB5C89-D05F-4908-B083-8FDFA73562C8}.Release|Any CPU.Build.0 = Release|Any CPU
  EndGlobalSection
  GlobalSection(NestedProjects) = preSolution
    {00BB5C89-D05F-4908-B083-8FDFA73562C8} = {1EF92A10-08D3-4540-B66E-296AF7AEA518}
  EndGlobalSection
EndGlobal
