
Microsoft Visual Studio Solution File, Format Version 12.00
Project("{2150E333-8FDC-42A3-9474-1A3956D46DE8}") = "_solution", "_solution", "{516B4AC3-5450-43F5-8827-D20B8E2FE856}"
	ProjectSection(SolutionItems) = preProject
		NugetPackages.sln = NugetPackages.sln
		Directory.Build.props = Directory.Build.props
		Directory.Packages.props = Directory.Packages.props
	EndProjectSection
EndProject
Project("{2150E333-8FDC-42A3-9474-1A3956D46DE8}") = "tests", "tests", "{55B4AA12-48EA-4E82-A1FE-53D992B10008}"
EndProject
Project("{FAE04EC0-301F-11D3-BF4B-00C04F79EFBC}") = "NugetPackages.Alpha", "src\NugetPackages.Alpha\NugetPackages.Alpha.csproj", "{32EBE283-8F11-46A4-B2D1-523ABCBDCB31}"
EndProject
Project("{FAE04EC0-301F-11D3-BF4B-00C04F79EFBC}") = "NugetPackages.Bravo", "src\NugetPackages.Bravo\NugetPackages.Bravo.csproj", "{AB9CDCFB-75AC-4B52-AA6F-E4F1F41857C4}"
EndProject
Project("{FAE04EC0-301F-11D3-BF4B-00C04F79EFBC}") = "NugetPackages.Tests.Alpha", "tests\NugetPackages.Tests.Alpha\NugetPackages.Tests.Alpha.csproj", "{D087FC24-4B60-4827-A72D-973F21A7968D}"
EndProject
Project("{FAE04EC0-301F-11D3-BF4B-00C04F79EFBC}") = "NugetPackages.Tests.Bravo", "tests\NugetPackages.Tests.Bravo\NugetPackages.Tests.Bravo.csproj", "{6151F483-E194-48DF-B46F-E97090976D73}"
EndProject
Global
	GlobalSection(SolutionConfigurationPlatforms) = preSolution
		Debug|Any CPU = Debug|Any CPU
		Release|Any CPU = Release|Any CPU
	EndGlobalSection
	GlobalSection(ProjectConfigurationPlatforms) = postSolution
		{32EBE283-8F11-46A4-B2D1-523ABCBDCB31}.Debug|Any CPU.ActiveCfg = Debug|Any CPU
		{32EBE283-8F11-46A4-B2D1-523ABCBDCB31}.Debug|Any CPU.Build.0 = Debug|Any CPU
		{32EBE283-8F11-46A4-B2D1-523ABCBDCB31}.Release|Any CPU.ActiveCfg = Release|Any CPU
		{32EBE283-8F11-46A4-B2D1-523ABCBDCB31}.Release|Any CPU.Build.0 = Release|Any CPU
		{AB9CDCFB-75AC-4B52-AA6F-E4F1F41857C4}.Debug|Any CPU.ActiveCfg = Debug|Any CPU
		{AB9CDCFB-75AC-4B52-AA6F-E4F1F41857C4}.Debug|Any CPU.Build.0 = Debug|Any CPU
		{AB9CDCFB-75AC-4B52-AA6F-E4F1F41857C4}.Release|Any CPU.ActiveCfg = Release|Any CPU
		{AB9CDCFB-75AC-4B52-AA6F-E4F1F41857C4}.Release|Any CPU.Build.0 = Release|Any CPU
		{D087FC24-4B60-4827-A72D-973F21A7968D}.Debug|Any CPU.ActiveCfg = Debug|Any CPU
		{D087FC24-4B60-4827-A72D-973F21A7968D}.Debug|Any CPU.Build.0 = Debug|Any CPU
		{D087FC24-4B60-4827-A72D-973F21A7968D}.Release|Any CPU.ActiveCfg = Release|Any CPU
		{D087FC24-4B60-4827-A72D-973F21A7968D}.Release|Any CPU.Build.0 = Release|Any CPU
		{6151F483-E194-48DF-B46F-E97090976D73}.Debug|Any CPU.ActiveCfg = Debug|Any CPU
		{6151F483-E194-48DF-B46F-E97090976D73}.Debug|Any CPU.Build.0 = Debug|Any CPU
		{6151F483-E194-48DF-B46F-E97090976D73}.Release|Any CPU.ActiveCfg = Release|Any CPU
		{6151F483-E194-48DF-B46F-E97090976D73}.Release|Any CPU.Build.0 = Release|Any CPU
	EndGlobalSection
	GlobalSection(NestedProjects) = preSolution
		{D087FC24-4B60-4827-A72D-973F21A7968D} = {55B4AA12-48EA-4E82-A1FE-53D992B10008}
		{6151F483-E194-48DF-B46F-E97090976D73} = {55B4AA12-48EA-4E82-A1FE-53D992B10008}
	EndGlobalSection
EndGlobal
